
Microsoft Visual Studio Solution File, Format Version 12.00
# Visual Studio 15
VisualStudioVersion = 15.0.27004.2005
MinimumVisualStudioVersion = 10.0.40219.1
Project("{FAE04EC0-301F-11D3-BF4B-00C04F79EFBC}") = "QA", "QA\QA.csproj", "{9D948FED-8E3E-4DA5-8E44-0F6AD7DD46CE}"
EndProject
Project("{9A19103F-16F7-4668-BE54-9A1E7A4F7556}") = "SolidEdge.Community", "SolidEdge.Community\SolidEdge.Community.csproj", "{49DAFAF3-C18C-4B3D-9006-BBFBFEEBBCB4}"
EndProject
Global
	GlobalSection(SolutionConfigurationPlatforms) = preSolution
		Debug|Any CPU = Debug|Any CPU
		Release|Any CPU = Release|Any CPU
	EndGlobalSection
	GlobalSection(ProjectConfigurationPlatforms) = postSolution
		{49DAFAF3-C18C-4B3D-9006-BBFBFEEBBCB4}.Debug|Any CPU.ActiveCfg = Debug|Any CPU
		{49DAFAF3-C18C-4B3D-9006-BBFBFEEBBCB4}.Debug|Any CPU.Build.0 = Debug|Any CPU
		{49DAFAF3-C18C-4B3D-9006-BBFBFEEBBCB4}.Release|Any CPU.ActiveCfg = Release|Any CPU
		{49DAFAF3-C18C-4B3D-9006-BBFBFEEBBCB4}.Release|Any CPU.Build.0 = Release|Any CPU
		{9D948FED-8E3E-4DA5-8E44-0F6AD7DD46CE}.Debug|Any CPU.ActiveCfg = Debug|Any CPU
		{9D948FED-8E3E-4DA5-8E44-0F6AD7DD46CE}.Debug|Any CPU.Build.0 = Debug|Any CPU
		{9D948FED-8E3E-4DA5-8E44-0F6AD7DD46CE}.Release|Any CPU.ActiveCfg = Release|Any CPU
		{9D948FED-8E3E-4DA5-8E44-0F6AD7DD46CE}.Release|Any CPU.Build.0 = Release|Any CPU
	EndGlobalSection
	GlobalSection(SolutionProperties) = preSolution
		HideSolutionNode = FALSE
	EndGlobalSection
	GlobalSection(ExtensibilityGlobals) = postSolution
		SolutionGuid = {6FBC4A16-50F3-4031-9EB8-663F23A3B1E1}
	EndGlobalSection
EndGlobal
